// !$*UTF8*$!
{
	archiveVersion = 1;
	classes = {
	};
	objectVersion = 50;
	objects = {

/* Begin PBXBuildFile section */
		C988CB2C209C55C100C6C031 /* AppDelegate.swift in Sources */ = {isa = PBXBuildFile; fileRef = C988CB2B209C55C100C6C031 /* AppDelegate.swift */; };
		C988CB2E209C55C100C6C031 /* ViewController.swift in Sources */ = {isa = PBXBuildFile; fileRef = C988CB2D209C55C100C6C031 /* ViewController.swift */; };
		C988CB31209C55C100C6C031 /* Main.storyboard in Resources */ = {isa = PBXBuildFile; fileRef = C988CB2F209C55C100C6C031 /* Main.storyboard */; };
		C988CB33209C55C400C6C031 /* Assets.xcassets in Resources */ = {isa = PBXBuildFile; fileRef = C988CB32209C55C400C6C031 /* Assets.xcassets */; };
		C988CB36209C55C400C6C031 /* LaunchScreen.storyboard in Resources */ = {isa = PBXBuildFile; fileRef = C988CB34209C55C400C6C031 /* LaunchScreen.storyboard */; };
		C988CB3F209C55ED00C6C031 /* libsqlite3.tbd in Frameworks */ = {isa = PBXBuildFile; fileRef = C988CB3E209C55ED00C6C031 /* libsqlite3.tbd */; };
		C9D07CE820A437C500E8012B /* demo.sqlite in Resources */ = {isa = PBXBuildFile; fileRef = C9D07CE720A437C500E8012B /* demo.sqlite */; };
		C9D07CEA20A4391200E8012B /* SDFileManager.swift in Sources */ = {isa = PBXBuildFile; fileRef = C9D07CE920A4391200E8012B /* SDFileManager.swift */; };
/* End PBXBuildFile section */

/* Begin PBXFileReference section */
		C988CB28209C55C100C6C031 /* SQLiteDemo.app */ = {isa = PBXFileReference; explicitFileType = wrapper.application; includeInIndex = 0; path = SQLiteDemo.app; sourceTree = BUILT_PRODUCTS_DIR; };
		C988CB2B209C55C100C6C031 /* AppDelegate.swift */ = {isa = PBXFileReference; lastKnownFileType = sourcecode.swift; path = AppDelegate.swift; sourceTree = "<group>"; };
		C988CB2D209C55C100C6C031 /* ViewController.swift */ = {isa = PBXFileReference; lastKnownFileType = sourcecode.swift; path = ViewController.swift; sourceTree = "<group>"; };
		C988CB30209C55C100C6C031 /* Base */ = {isa = PBXFileReference; lastKnownFileType = file.storyboard; name = Base; path = Base.lproj/Main.storyboard; sourceTree = "<group>"; };
		C988CB32209C55C400C6C031 /* Assets.xcassets */ = {isa = PBXFileReference; lastKnownFileType = folder.assetcatalog; path = Assets.xcassets; sourceTree = "<group>"; };
		C988CB35209C55C400C6C031 /* Base */ = {isa = PBXFileReference; lastKnownFileType = file.storyboard; name = Base; path = Base.lproj/LaunchScreen.storyboard; sourceTree = "<group>"; };
		C988CB37209C55C400C6C031 /* Info.plist */ = {isa = PBXFileReference; lastKnownFileType = text.plist.xml; path = Info.plist; sourceTree = "<group>"; };
		C988CB3E209C55ED00C6C031 /* libsqlite3.tbd */ = {isa = PBXFileReference; lastKnownFileType = "sourcecode.text-based-dylib-definition"; name = libsqlite3.tbd; path = usr/lib/libsqlite3.tbd; sourceTree = SDKROOT; };
		C9D07CE720A437C500E8012B /* demo.sqlite */ = {isa = PBXFileReference; fileEncoding = 4; lastKnownFileType = text; path = demo.sqlite; sourceTree = "<group>"; };
		C9D07CE920A4391200E8012B /* SDFileManager.swift */ = {isa = PBXFileReference; lastKnownFileType = sourcecode.swift; path = SDFileManager.swift; sourceTree = "<group>"; };
/* End PBXFileReference section */

/* Begin PBXFrameworksBuildPhase section */
		C988CB25209C55C100C6C031 /* Frameworks */ = {
			isa = PBXFrameworksBuildPhase;
			buildActionMask = 2147483647;
			files = (
				C988CB3F209C55ED00C6C031 /* libsqlite3.tbd in Frameworks */,
			);
			runOnlyForDeploymentPostprocessing = 0;
		};
/* End PBXFrameworksBuildPhase section */

/* Begin PBXGroup section */
		C988CB1F209C55C100C6C031 = {
			isa = PBXGroup;
			children = (
				C988CB2A209C55C100C6C031 /* SQLiteDemo */,
				C988CB29209C55C100C6C031 /* Products */,
				C988CB3D209C55EC00C6C031 /* Frameworks */,
			);
			sourceTree = "<group>";
		};
		C988CB29209C55C100C6C031 /* Products */ = {
			isa = PBXGroup;
			children = (
				C988CB28209C55C100C6C031 /* SQLiteDemo.app */,
			);
			name = Products;
			sourceTree = "<group>";
		};
		C988CB2A209C55C100C6C031 /* SQLiteDemo */ = {
			isa = PBXGroup;
			children = (
				C9D07CE720A437C500E8012B /* demo.sqlite */,
				C988CB2B209C55C100C6C031 /* AppDelegate.swift */,
				C988CB2D209C55C100C6C031 /* ViewController.swift */,
				C9D07CE920A4391200E8012B /* SDFileManager.swift */,
				C988CB2F209C55C100C6C031 /* Main.storyboard */,
				C988CB32209C55C400C6C031 /* Assets.xcassets */,
				C988CB34209C55C400C6C031 /* LaunchScreen.storyboard */,
				C988CB37209C55C400C6C031 /* Info.plist */,
			);
			path = SQLiteDemo;
			sourceTree = "<group>";
		};
		C988CB3D209C55EC00C6C031 /* Frameworks */ = {
			isa = PBXGroup;
			children = (
				C988CB3E209C55ED00C6C031 /* libsqlite3.tbd */,
			);
			name = Frameworks;
			sourceTree = "<group>";
		};
/* End PBXGroup section */

/* Begin PBXNativeTarget section */
		C988CB27209C55C100C6C031 /* SQLiteDemo */ = {
			isa = PBXNativeTarget;
			buildConfigurationList = C988CB3A209C55C400C6C031 /* Build configuration list for PBXNativeTarget "SQLiteDemo" */;
			buildPhases = (
				C988CB24209C55C100C6C031 /* Sources */,
				C988CB25209C55C100C6C031 /* Frameworks */,
				C988CB26209C55C100C6C031 /* Resources */,
			);
			buildRules = (
			);
			dependencies = (
			);
			name = SQLiteDemo;
			productName = SQLiteDemo;
			productReference = C988CB28209C55C100C6C031 /* SQLiteDemo.app */;
			productType = "com.apple.product-type.application";
		};
/* End PBXNativeTarget section */

/* Begin PBXProject section */
		C988CB20209C55C100C6C031 /* Project object */ = {
			isa = PBXProject;
			attributes = {
				LastSwiftUpdateCheck = 0930;
				LastUpgradeCheck = 0930;
				ORGANIZATIONNAME = "agilemac-24";
				TargetAttributes = {
					C988CB27209C55C100C6C031 = {
						CreatedOnToolsVersion = 9.3;
					};
				};
			};
			buildConfigurationList = C988CB23209C55C100C6C031 /* Build configuration list for PBXProject "SQLiteDemo" */;
			compatibilityVersion = "Xcode 9.3";
			developmentRegion = en;
			hasScannedForEncodings = 0;
			knownRegions = (
				en,
				Base,
			);
			mainGroup = C988CB1F209C55C100C6C031;
			productRefGroup = C988CB29209C55C100C6C031 /* Products */;
			projectDirPath = "";
			projectRoot = "";
			targets = (
				C988CB27209C55C100C6C031 /* SQLiteDemo */,
			);
		};
/* End PBXProject section */

/* Begin PBXResourcesBuildPhase section */
		C988CB26209C55C100C6C031 /* Resources */ = {
			isa = PBXResourcesBuildPhase;
			buildActionMask = 2147483647;
			files = (
				C9D07CE820A437C500E8012B /* demo.sqlite in Resources */,
				C988CB36209C55C400C6C031 /* LaunchScreen.storyboard in Resources */,
				C988CB33209C55C400C6C031 /* Assets.xcassets in Resources */,
				C988CB31209C55C100C6C031 /* Main.storyboard in Resources */,
			);
			runOnlyForDeploymentPostprocessing = 0;
		};
/* End PBXResourcesBuildPhase section */

/* Begin PBXSourcesBuildPhase section */
		C988CB24209C55C100C6C031 /* Sources */ = {
			isa = PBXSourcesBuildPhase;
			buildActionMask = 2147483647;
			files = (
				C9D07CEA20A4391200E8012B /* SDFileManager.swift in Sources */,
				C988CB2E209C55C100C6C031 /* ViewController.swift in Sources */,
				C988CB2C209C55C100C6C031 /* AppDelegate.swift in Sources */,
			);
			runOnlyForDeploymentPostprocessing = 0;
		};
/* End PBXSourcesBuildPhase section */

/* Begin PBXVariantGroup section */
		C988CB2F209C55C100C6C031 /* Main.storyboard */ = {
			isa = PBXVariantGroup;
			children = (
				C988CB30209C55C100C6C031 /* Base */,
			);
			name = Main.storyboard;
			sourceTree = "<group>";
		};
		C988CB34209C55C400C6C031 /* LaunchScreen.storyboard */ = {
			isa = PBXVariantGroup;
			children = (
				C988CB35209C55C400C6C031 /* Base */,
			);
			name = LaunchScreen.storyboard;
			sourceTree = "<group>";
		};
/* End PBXVariantGroup section */

/* Begin XCBuildConfiguration section */
		C988CB38209C55C400C6C031 /* Debug */ = {
			isa = XCBuildConfiguration;
			buildSettings = {
				ALWAYS_SEARCH_USER_PATHS = NO;
				CLANG_ANALYZER_NONNULL = YES;
				CLANG_ANALYZER_NUMBER_OBJECT_CONVERSION = YES_AGGRESSIVE;
				CLANG_CXX_LANGUAGE_STANDARD = "gnu++14";
				CLANG_CXX_LIBRARY = "libc++";
				CLANG_ENABLE_MODULES = YES;
				CLANG_ENABLE_OBJC_ARC = YES;
				CLANG_ENABLE_OBJC_WEAK = YES;
				CLANG_WARN_BLOCK_CAPTURE_AUTORELEASING = YES;
				CLANG_WARN_BOOL_CONVERSION = YES;
				CLANG_WARN_COMMA = YES;
				CLANG_WARN_CONSTANT_CONVERSION = YES;
				CLANG_WARN_DEPRECATED_OBJC_IMPLEMENTATIONS = YES;
				CLANG_WARN_DIRECT_OBJC_ISA_USAGE = YES_ERROR;
				CLANG_WARN_DOCUMENTATION_COMMENTS = YES;
				CLANG_WARN_EMPTY_BODY = YES;
				CLANG_WARN_ENUM_CONVERSION = YES;
				CLANG_WARN_INFINITE_RECURSION = YES;
				CLANG_WARN_INT_CONVERSION = YES;
				CLANG_WARN_NON_LITERAL_NULL_CONVERSION = YES;
				CLANG_WARN_OBJC_IMPLICIT_RETAIN_SELF = YES;
				CLANG_WARN_OBJC_LITERAL_CONVERSION = YES;
				CLANG_WARN_OBJC_ROOT_CLASS = YES_ERROR;
				CLANG_WARN_RANGE_LOOP_ANALYSIS = YES;
				CLANG_WARN_STRICT_PROTOTYPES = YES;
				CLANG_WARN_SUSPICIOUS_MOVE = YES;
				CLANG_WARN_UNGUARDED_AVAILABILITY = YES_AGGRESSIVE;
				CLANG_WARN_UNREACHABLE_CODE = YES;
				CLANG_WARN__DUPLICATE_METHOD_MATCH = YES;
				CODE_SIGN_IDENTITY = "iPhone Developer";
				COPY_PHASE_STRIP = NO;
				DEBUG_INFORMATION_FORMAT = dwarf;
				ENABLE_STRICT_OBJC_MSGSEND = YES;
				ENABLE_TESTABILITY = YES;
				GCC_C_LANGUAGE_STANDARD = gnu11;
				GCC_DYNAMIC_NO_PIC = NO;
				GCC_NO_COMMON_BLOCKS = YES;
				GCC_OPTIMIZATION_LEVEL = 0;
				GCC_PREPROCESSOR_DEFINITIONS = (
					"DEBUG=1",
					"$(inherited)",
				);
				GCC_WARN_64_TO_32_BIT_CONVERSION = YES;
				GCC_WARN_ABOUT_RETURN_TYPE = YES_ERROR;
				GCC_WARN_UNDECLARED_SELECTOR = YES;
				GCC_WARN_UNINITIALIZED_AUTOS = YES_AGGRESSIVE;
				GCC_WARN_UNUSED_FUNCTION = YES;
				GCC_WARN_UNUSED_VARIABLE = YES;
				IPHONEOS_DEPLOYMENT_TARGET = 11.3;
				MTL_ENABLE_DEBUG_INFO = YES;
				ONLY_ACTIVE_ARCH = YES;
				SDKROOT = iphoneos;
				SWIFT_ACTIVE_COMPILATION_CONDITIONS = DEBUG;
				SWIFT_OPTIMIZATION_LEVEL = "-Onone";
			};
			name = Debug;
		};
		C988CB39209C55C400C6C031 /* Release */ = {
			isa = XCBuildConfiguration;
			buildSettings = {
				ALWAYS_SEARCH_USER_PATHS = NO;
				CLANG_ANALYZER_NONNULL = YES;
				CLANG_ANALYZER_NUMBER_OBJECT_CONVERSION = YES_AGGRESSIVE;
				CLANG_CXX_LANGUAGE_STANDARD = "gnu++14";
				CLANG_CXX_LIBRARY = "libc++";
				CLANG_ENABLE_MODULES = YES;
				CLANG_ENABLE_OBJC_ARC = YES;
				CLANG_ENABLE_OBJC_WEAK = YES;
				CLANG_WARN_BLOCK_CAPTURE_AUTORELEASING = YES;
				CLANG_WARN_BOOL_CONVERSION = YES;
				CLANG_WARN_COMMA = YES;
				CLANG_WARN_CONSTANT_CONVERSION = YES;
				CLANG_WARN_DEPRECATED_OBJC_IMPLEMENTATIONS = YES;
				CLANG_WARN_DIRECT_OBJC_ISA_USAGE = YES_ERROR;
				CLANG_WARN_DOCUMENTATION_COMMENTS = YES;
				CLANG_WARN_EMPTY_BODY = YES;
				CLANG_WARN_ENUM_CONVERSION = YES;
				CLANG_WARN_INFINITE_RECURSION = YES;
				CLANG_WARN_INT_CONVERSION = YES;
				CLANG_WARN_NON_LITERAL_NULL_CONVERSION = YES;
				CLANG_WARN_OBJC_IMPLICIT_RETAIN_SELF = YES;
				CLANG_WARN_OBJC_LITERAL_CONVERSION = YES;
				CLANG_WARN_OBJC_ROOT_CLASS = YES_ERROR;
				CLANG_WARN_RANGE_LOOP_ANALYSIS = YES;
				CLANG_WARN_STRICT_PROTOTYPES = YES;
				CLANG_WARN_SUSPICIOUS_MOVE = YES;
				CLANG_WARN_UNGUARDED_AVAILABILITY = YES_AGGRESSIVE;
				CLANG_WARN_UNREACHABLE_CODE = YES;
				CLANG_WARN__DUPLICATE_METHOD_MATCH = YES;
				CODE_SIGN_IDENTITY = "iPhone Developer";
				COPY_PHASE_STRIP = NO;
				DEBUG_INFORMATION_FORMAT = "dwarf-with-dsym";
				ENABLE_NS_ASSERTIONS = NO;
				ENABLE_STRICT_OBJC_MSGSEND = YES;
				GCC_C_LANGUAGE_STANDARD = gnu11;
				GCC_NO_COMMON_BLOCKS = YES;
				GCC_WARN_64_TO_32_BIT_CONVERSION = YES;
				GCC_WARN_ABOUT_RETURN_TYPE = YES_ERROR;
				GCC_WARN_UNDECLARED_SELECTOR = YES;
				GCC_WARN_UNINITIALIZED_AUTOS = YES_AGGRESSIVE;
				GCC_WARN_UNUSED_FUNCTION = YES;
				GCC_WARN_UNUSED_VARIABLE = YES;
				IPHONEOS_DEPLOYMENT_TARGET = 11.3;
				MTL_ENABLE_DEBUG_INFO = NO;
				SDKROOT = iphoneos;
				SWIFT_COMPILATION_MODE = wholemodule;
				SWIFT_OPTIMIZATION_LEVEL = "-O";
				VALIDATE_PRODUCT = YES;
			};
			name = Release;
		};
		C988CB3B209C55C400C6C031 /* Debug */ = {
			isa = XCBuildConfiguration;
			buildSettings = {
				ASSETCATALOG_COMPILER_APPICON_NAME = AppIcon;
				CODE_SIGN_STYLE = Automatic;
				INFOPLIST_FILE = SQLiteDemo/Info.plist;
				LD_RUNPATH_SEARCH_PATHS = (
					"$(inherited)",
					"@executable_path/Frameworks",
				);
				PRODUCT_BUNDLE_IDENTIFIER = com.agile.test.SQLiteDemo;
				PRODUCT_NAME = "$(TARGET_NAME)";
				SWIFT_VERSION = 4.0;
				TARGETED_DEVICE_FAMILY = "1,2";
			};
			name = Debug;
		};
		C988CB3C209C55C400C6C031 /* Release */ = {
			isa = XCBuildConfiguration;
			buildSettings = {
				ASSETCATALOG_COMPILER_APPICON_NAME = AppIcon;
				CODE_SIGN_STYLE = Automatic;
				INFOPLIST_FILE = SQLiteDemo/Info.plist;
				LD_RUNPATH_SEARCH_PATHS = (
					"$(inherited)",
					"@executable_path/Frameworks",
				);
				PRODUCT_BUNDLE_IDENTIFIER = com.agile.test.SQLiteDemo;
				PRODUCT_NAME = "$(TARGET_NAME)";
				SWIFT_VERSION = 4.0;
				TARGETED_DEVICE_FAMILY = "1,2";
			};
			name = Release;
		};
/* End XCBuildConfiguration section */

/* Begin XCConfigurationList section */
		C988CB23209C55C100C6C031 /* Build configuration list for PBXProject "SQLiteDemo" */ = {
			isa = XCConfigurationList;
			buildConfigurations = (
				C988CB38209C55C400C6C031 /* Debug */,
				C988CB39209C55C400C6C031 /* Release */,
			);
			defaultConfigurationIsVisible = 0;
			defaultConfigurationName = Release;
		};
		C988CB3A209C55C400C6C031 /* Build configuration list for PBXNativeTarget "SQLiteDemo" */ = {
			isa = XCConfigurationList;
			buildConfigurations = (
				C988CB3B209C55C400C6C031 /* Debug */,
				C988CB3C209C55C400C6C031 /* Release */,
			);
			defaultConfigurationIsVisible = 0;
			defaultConfigurationName = Release;
		};
/* End XCConfigurationList section */
	};
	rootObject = C988CB20209C55C100C6C031 /* Project object */;
}
